
Microsoft Visual Studio Solution File, Format Version 12.00
# Visual Studio Version 17
VisualStudioVersion = 17.5.33627.172
MinimumVisualStudioVersion = 10.0.40219.1
Project("{FAE04EC0-301F-11D3-BF4B-00C04F79EFBC}") = "Cookies3874262", "Cookies3874262.csproj", "{7B3ECBCA-7BAD-4EC3-B6F6-35766430E424}"
EndProject
Global
	GlobalSection(SolutionConfigurationPlatforms) = preSolution
		Debug|Any CPU = Debug|Any CPU
		Release|Any CPU = Release|Any CPU
	EndGlobalSection
	GlobalSection(ProjectConfigurationPlatforms) = postSolution
		{7B3ECBCA-7BAD-4EC3-B6F6-35766430E424}.Debug|Any CPU.ActiveCfg = Debug|Any CPU
		{7B3ECBCA-7BAD-4EC3-B6F6-35766430E424}.Debug|Any CPU.Build.0 = Debug|Any CPU
		{7B3ECBCA-7BAD-4EC3-B6F6-35766430E424}.Release|Any CPU.ActiveCfg = Release|Any CPU
		{7B3ECBCA-7BAD-4EC3-B6F6-35766430E424}.Release|Any CPU.Build.0 = Release|Any CPU
	EndGlobalSection
	GlobalSection(SolutionProperties) = preSolution
		HideSolutionNode = FALSE
	EndGlobalSection
	GlobalSection(ExtensibilityGlobals) = postSolution
		SolutionGuid = {51679396-1E53-4646-97CD-7D740C7C8A6F}
	EndGlobalSection
EndGlobal
